<?xml version="1.0" encoding="utf-8"?>
<Project ToolsVersion="4.0" xmlns="http://schemas.microsoft.com/developer/msbuild/2003">
  <ItemGroup>
    <Filter Include="Quelldateien">
      <UniqueIdentifier>{4FC737F1-C7A5-4376-A066-2A32D752A2FF}</UniqueIdentifier>
      <Extensions>cpp;c;cc;cxx;def;odl;idl;hpj;bat;asm;asmx</Extensions>
    </Filter>
    <Filter Include="Headerdateien">
      <UniqueIdentifier>{93995380-89BD-4b04-88EB-625FBE52EBFB}</UniqueIdentifier>
      <Extensions>h;hpp;hxx;hm;inl;inc;xsd</Extensions>
    </Filter>
    <Filter Include="Ressourcendateien">
      <UniqueIdentifier>{67DA6AB6-F800-4c08-8B7A-83BB121AAD01}</UniqueIdentifier>
      <Extensions>rc;ico;cur;bmp;dlg;rc2;rct;bin;rgs;gif;jpg;jpeg;jpe;resx;tiff;tif;png;wav</Extensions>
    </Filter>
    <Filter Include="Generierte Dateien">
      <UniqueIdentifier>{3af8ab39-2e40-40ef-ac67-8ff04944efe6}</UniqueIdentifier>
      <SourceControlFiles>False</SourceControlFiles>
    </Filter>
  </ItemGroup>
  <ItemGroup>
    <ClCompile Include="AACfile.cpp">
      <Filter>Quelldateien</Filter>
    </ClCompile>
    <ClCompile Include="APE.cpp">
      <Filter>Quelldateien</Filter>
    </ClCompile>
    <ClCompile Include="ApeTagInfo.cpp">
      <Filter>Quelldateien</Filter>
    </ClCompile>
    <ClCompile Include="ApeTagItem.cpp">
      <Filter>Quelldateien</Filter>
    </ClCompile>
    <ClCompile Include="Audio.cpp">
      <Filter>Quelldateien</Filter>
    </ClCompile>
    <ClCompile Include="AudioGenie4.cpp">
      <Filter>Quelldateien</Filter>
    </ClCompile>
    <ClCompile Include="Blob.cpp">
      <Filter>Quelldateien</Filter>
    </ClCompile>
    <ClCompile Include="dlldatax.c">
      <Filter>Quelldateien</Filter>
    </ClCompile>
    <ClCompile Include="dllmain.cpp">
      <Filter>Quelldateien</Filter>
    </ClCompile>
    <ClCompile Include="flac.cpp">
      <Filter>Quelldateien</Filter>
    </ClCompile>
    <ClCompile Include="Header.cpp">
      <Filter>Quelldateien</Filter>
    </ClCompile>
    <ClCompile Include="ID3_Frame.cpp">
      <Filter>Quelldateien</Filter>
    </ClCompile>
    <ClCompile Include="ID3_FrameFactory.cpp">
      <Filter>Quelldateien</Filter>
    </ClCompile>
    <ClCompile Include="ID3F_AENC.cpp">
      <Filter>Quelldateien</Filter>
    </ClCompile>
    <ClCompile Include="ID3F_APIC.cpp">
      <Filter>Quelldateien</Filter>
    </ClCompile>
    <ClCompile Include="ID3F_ASPI.cpp">
      <Filter>Quelldateien</Filter>
    </ClCompile>
    <ClCompile Include="ID3F_CHAP.cpp">
      <Filter>Quelldateien</Filter>
    </ClCompile>
    <ClCompile Include="ID3F_Chapter.cpp">
      <Filter>Quelldateien</Filter>
    </ClCompile>
    <ClCompile Include="ID3F_COMM.cpp">
      <Filter>Quelldateien</Filter>
    </ClCompile>
    <ClCompile Include="ID3F_COMR.cpp">
      <Filter>Quelldateien</Filter>
    </ClCompile>
    <ClCompile Include="ID3F_CTOC.cpp">
      <Filter>Quelldateien</Filter>
    </ClCompile>
    <ClCompile Include="ID3F_ENCR.cpp">
      <Filter>Quelldateien</Filter>
    </ClCompile>
    <ClCompile Include="ID3F_EQUA.cpp">
      <Filter>Quelldateien</Filter>
    </ClCompile>
    <ClCompile Include="ID3F_ETCO.cpp">
      <Filter>Quelldateien</Filter>
    </ClCompile>
    <ClCompile Include="ID3F_GEOB.cpp">
      <Filter>Quelldateien</Filter>
    </ClCompile>
    <ClCompile Include="ID3F_GRID.cpp">
      <Filter>Quelldateien</Filter>
    </ClCompile>
    <ClCompile Include="ID3F_LINK.cpp">
      <Filter>Quelldateien</Filter>
    </ClCompile>
    <ClCompile Include="ID3F_MCDI.cpp">
      <Filter>Quelldateien</Filter>
    </ClCompile>
    <ClCompile Include="ID3F_MLLT.cpp">
      <Filter>Quelldateien</Filter>
    </ClCompile>
    <ClCompile Include="ID3F_OWNE.cpp">
      <Filter>Quelldateien</Filter>
    </ClCompile>
    <ClCompile Include="ID3F_PCNT.cpp">
      <Filter>Quelldateien</Filter>
    </ClCompile>
    <ClCompile Include="ID3F_POPM.cpp">
      <Filter>Quelldateien</Filter>
    </ClCompile>
    <ClCompile Include="ID3F_POSS.cpp">
      <Filter>Quelldateien</Filter>
    </ClCompile>
    <ClCompile Include="ID3F_PRIV.cpp">
      <Filter>Quelldateien</Filter>
    </ClCompile>
    <ClCompile Include="ID3F_RBUF.cpp">
      <Filter>Quelldateien</Filter>
    </ClCompile>
    <ClCompile Include="ID3F_RVAD.cpp">
      <Filter>Quelldateien</Filter>
    </ClCompile>
    <ClCompile Include="ID3F_RVRB.cpp">
      <Filter>Quelldateien</Filter>
    </ClCompile>
    <ClCompile Include="ID3F_SEEK.cpp">
      <Filter>Quelldateien</Filter>
    </ClCompile>
    <ClCompile Include="ID3F_SIGN.cpp">
      <Filter>Quelldateien</Filter>
    </ClCompile>
    <ClCompile Include="ID3F_SYLT.cpp">
      <Filter>Quelldateien</Filter>
    </ClCompile>
    <ClCompile Include="ID3F_SYTC.cpp">
      <Filter>Quelldateien</Filter>
    </ClCompile>
    <ClCompile Include="ID3F_T000.cpp">
      <Filter>Quelldateien</Filter>
    </ClCompile>
    <ClCompile Include="ID3F_TXXX.cpp">
      <Filter>Quelldateien</Filter>
    </ClCompile>
    <ClCompile Include="ID3F_UFID.cpp">
      <Filter>Quelldateien</Filter>
    </ClCompile>
    <ClCompile Include="ID3F_USER.cpp">
      <Filter>Quelldateien</Filter>
    </ClCompile>
    <ClCompile Include="ID3F_USLT.cpp">
      <Filter>Quelldateien</Filter>
    </ClCompile>
    <ClCompile Include="ID3F_W000.cpp">
      <Filter>Quelldateien</Filter>
    </ClCompile>
    <ClCompile Include="ID3F_WXXX.cpp">
      <Filter>Quelldateien</Filter>
    </ClCompile>
    <ClCompile Include="ID3V1.cpp">
      <Filter>Quelldateien</Filter>
    </ClCompile>
    <ClCompile Include="ID3V1TagInfo.cpp">
      <Filter>Quelldateien</Filter>
    </ClCompile>
    <ClCompile Include="ID3v2.cpp">
      <Filter>Quelldateien</Filter>
    </ClCompile>
    <ClCompile Include="Lyrics.cpp">
      <Filter>Quelldateien</Filter>
    </ClCompile>
    <ClCompile Include="md5.cpp">
      <Filter>Quelldateien</Filter>
    </ClCompile>
    <ClCompile Include="MD5Tool.cpp">
      <Filter>Quelldateien</Filter>
    </ClCompile>
    <ClCompile Include="Monkey.cpp">
      <Filter>Quelldateien</Filter>
    </ClCompile>
    <ClCompile Include="MonkeyTagInfo.cpp">
      <Filter>Quelldateien</Filter>
    </ClCompile>
    <ClCompile Include="mp4.cpp">
      <Filter>Quelldateien</Filter>
    </ClCompile>
    <ClCompile Include="MP4_AtomFactory.cpp">
      <Filter>Quelldateien</Filter>
    </ClCompile>
    <ClCompile Include="MP4_Container.cpp">
      <Filter>Quelldateien</Filter>
    </ClCompile>
    <ClCompile Include="MP4_FTYP.cpp">
      <Filter>Quelldateien</Filter>
    </ClCompile>
    <ClCompile Include="MP4_HDLR.cpp">
      <Filter>Quelldateien</Filter>
    </ClCompile>
    <ClCompile Include="MP4_MainContainer.cpp">
      <Filter>Quelldateien</Filter>
    </ClCompile>
    <ClCompile Include="MP4_MDAT.cpp">
      <Filter>Quelldateien</Filter>
    </ClCompile>
    <ClCompile Include="MP4_MDHD.cpp">
      <Filter>Quelldateien</Filter>
    </ClCompile>
    <ClCompile Include="MP4_SOUN.cpp">
      <Filter>Quelldateien</Filter>
    </ClCompile>
    <ClCompile Include="MP4_STCO.cpp">
      <Filter>Quelldateien</Filter>
    </ClCompile>
    <ClCompile Include="MP4Atom.cpp">
      <Filter>Quelldateien</Filter>
    </ClCompile>
    <ClCompile Include="MPEGAudio.cpp">
      <Filter>Quelldateien</Filter>
    </ClCompile>
    <ClCompile Include="MPEGPlus.cpp">
      <Filter>Quelldateien</Filter>
    </ClCompile>
    <ClCompile Include="OGGHeader.cpp">
      <Filter>Quelldateien</Filter>
    </ClCompile>
    <ClCompile Include="OggVorbis.cpp">
      <Filter>Quelldateien</Filter>
    </ClCompile>
    <ClCompile Include="stdafx.cpp">
      <Filter>Quelldateien</Filter>
    </ClCompile>
    <ClCompile Include="Tools.cpp">
      <Filter>Quelldateien</Filter>
    </ClCompile>
    <ClCompile Include="VorbisComment.cpp">
      <Filter>Quelldateien</Filter>
    </ClCompile>
    <ClCompile Include="VorbisHeader.cpp">
      <Filter>Quelldateien</Filter>
    </ClCompile>
    <ClCompile Include="WAVCARTChunk.cpp">
      <Filter>Quelldateien</Filter>
    </ClCompile>
    <ClCompile Include="WAVChunk.cpp">
      <Filter>Quelldateien</Filter>
    </ClCompile>
    <ClCompile Include="WAVContainer.cpp">
      <Filter>Quelldateien</Filter>
    </ClCompile>
    <ClCompile Include="WAVDataChunk.cpp">
      <Filter>Quelldateien</Filter>
    </ClCompile>
    <ClCompile Include="WAVFile.cpp">
      <Filter>Quelldateien</Filter>
    </ClCompile>
    <ClCompile Include="WAVFormatChunk.cpp">
      <Filter>Quelldateien</Filter>
    </ClCompile>
    <ClCompile Include="WAVRIFFContainer.cpp">
      <Filter>Quelldateien</Filter>
    </ClCompile>
    <ClCompile Include="WMA_ContentDescription.cpp">
      <Filter>Quelldateien</Filter>
    </ClCompile>
    <ClCompile Include="WMA_ExtContentDescription.cpp">
      <Filter>Quelldateien</Filter>
    </ClCompile>
    <ClCompile Include="WMA_File.cpp">
      <Filter>Quelldateien</Filter>
    </ClCompile>
    <ClCompile Include="WMA_FileProperties.cpp">
      <Filter>Quelldateien</Filter>
    </ClCompile>
    <ClCompile Include="WMA_Header.cpp">
      <Filter>Quelldateien</Filter>
    </ClCompile>
    <ClCompile Include="WMA_Header_Extension.cpp">
      <Filter>Quelldateien</Filter>
    </ClCompile>
    <ClCompile Include="WMA_MetadataLibrary.cpp">
      <Filter>Quelldateien</Filter>
    </ClCompile>
    <ClCompile Include="WMA_Object.cpp">
      <Filter>Quelldateien</Filter>
    </ClCompile>
    <ClCompile Include="WMA_ObjectFactory.cpp">
      <Filter>Quelldateien</Filter>
    </ClCompile>
    <ClCompile Include="WMA_Padding.cpp">
      <Filter>Quelldateien</Filter>
    </ClCompile>
    <ClCompile Include="WMA_StreamBitrateProperties.cpp">
      <Filter>Quelldateien</Filter>
    </ClCompile>
    <ClCompile Include="WMA_StreamProperties.cpp">
      <Filter>Quelldateien</Filter>
    </ClCompile>
    <ClCompile Include="WMA_TagData.cpp">
      <Filter>Quelldateien</Filter>
    </ClCompile>
    <ClCompile Include="AudioGenie4_i.c">
      <Filter>Generierte Dateien</Filter>
    </ClCompile>
    <ClCompile Include="TTA.cpp">
      <Filter>Quelldateien</Filter>
    </ClCompile>
    <ClCompile Include="WavPack.cpp">
      <Filter>Quelldateien</Filter>
    </ClCompile>
    <ClCompile Include="FlacCover.cpp">
      <Filter>Quelldateien</Filter>
    </ClCompile>
    <ClCompile Include="WAVDISPChunk.cpp">
      <Filter>Quelldateien</Filter>
    </ClCompile>
    <ClCompile Include="WAVBEXTChunk.cpp">
      <Filter>Quelldateien</Filter>
    </ClCompile>
  </ItemGroup>
  <ItemGroup>
    <None Include="AudioGenie4.def">
      <Filter>Quelldateien</Filter>
    </None>
    <None Include="AudioGenie4.rgs">
      <Filter>Ressourcendateien</Filter>
    </None>
  </ItemGroup>
  <ItemGroup>
    <Midl Include="AudioGenie4.idl">
      <Filter>Quelldateien</Filter>
    </Midl>
  </ItemGroup>
  <ItemGroup>
    <ClInclude Include="AAC.h">
      <Filter>Headerdateien</Filter>
    </ClInclude>
    <ClInclude Include="APE.h">
      <Filter>Headerdateien</Filter>
    </ClInclude>
    <ClInclude Include="ApeTagInfo.h">
      <Filter>Headerdateien</Filter>
    </ClInclude>
    <ClInclude Include="ApeTagItem.h">
      <Filter>Headerdateien</Filter>
    </ClInclude>
    <ClInclude Include="Audio.h">
      <Filter>Headerdateien</Filter>
    </ClInclude>
    <ClInclude Include="Blob.h">
      <Filter>Headerdateien</Filter>
    </ClInclude>
    <ClInclude Include="dlldatax.h">
      <Filter>Headerdateien</Filter>
    </ClInclude>
    <ClInclude Include="dllmain.h">
      <Filter>Headerdateien</Filter>
    </ClInclude>
    <ClInclude Include="FLAC.h">
      <Filter>Headerdateien</Filter>
    </ClInclude>
    <ClInclude Include="Header.h">
      <Filter>Headerdateien</Filter>
    </ClInclude>
    <ClInclude Include="ID3_Frame.h">
      <Filter>Headerdateien</Filter>
    </ClInclude>
    <ClInclude Include="ID3_FrameFactory.h">
      <Filter>Headerdateien</Filter>
    </ClInclude>
    <ClInclude Include="ID3F_AENC.h">
      <Filter>Headerdateien</Filter>
    </ClInclude>
    <ClInclude Include="ID3F_APIC.h">
      <Filter>Headerdateien</Filter>
    </ClInclude>
    <ClInclude Include="ID3F_ASPI.h">
      <Filter>Headerdateien</Filter>
    </ClInclude>
    <ClInclude Include="ID3F_CHAP.h">
      <Filter>Headerdateien</Filter>
    </ClInclude>
    <ClInclude Include="ID3F_Chapter.h">
      <Filter>Headerdateien</Filter>
    </ClInclude>
    <ClInclude Include="ID3F_COMM.h">
      <Filter>Headerdateien</Filter>
    </ClInclude>
    <ClInclude Include="ID3F_COMR.h">
      <Filter>Headerdateien</Filter>
    </ClInclude>
    <ClInclude Include="ID3F_CTOC.h">
      <Filter>Headerdateien</Filter>
    </ClInclude>
    <ClInclude Include="ID3F_ENCR.h">
      <Filter>Headerdateien</Filter>
    </ClInclude>
    <ClInclude Include="ID3F_EQUA.h">
      <Filter>Headerdateien</Filter>
    </ClInclude>
    <ClInclude Include="ID3F_ETCO.h">
      <Filter>Headerdateien</Filter>
    </ClInclude>
    <ClInclude Include="ID3F_GEOB.h">
      <Filter>Headerdateien</Filter>
    </ClInclude>
    <ClInclude Include="ID3F_GRID.h">
      <Filter>Headerdateien</Filter>
    </ClInclude>
    <ClInclude Include="ID3F_LINK.h">
      <Filter>Headerdateien</Filter>
    </ClInclude>
    <ClInclude Include="ID3F_MCDI.h">
      <Filter>Headerdateien</Filter>
    </ClInclude>
    <ClInclude Include="ID3F_MLLT.h">
      <Filter>Headerdateien</Filter>
    </ClInclude>
    <ClInclude Include="ID3F_OWNE.h">
      <Filter>Headerdateien</Filter>
    </ClInclude>
    <ClInclude Include="ID3F_PCNT.h">
      <Filter>Headerdateien</Filter>
    </ClInclude>
    <ClInclude Include="ID3F_POPM.h">
      <Filter>Headerdateien</Filter>
    </ClInclude>
    <ClInclude Include="ID3F_POSS.h">
      <Filter>Headerdateien</Filter>
    </ClInclude>
    <ClInclude Include="ID3F_PRIV.h">
      <Filter>Headerdateien</Filter>
    </ClInclude>
    <ClInclude Include="ID3F_RBUF.h">
      <Filter>Headerdateien</Filter>
    </ClInclude>
    <ClInclude Include="ID3F_RVAD.h">
      <Filter>Headerdateien</Filter>
    </ClInclude>
    <ClInclude Include="ID3F_RVRB.h">
      <Filter>Headerdateien</Filter>
    </ClInclude>
    <ClInclude Include="ID3F_SEEK.h">
      <Filter>Headerdateien</Filter>
    </ClInclude>
    <ClInclude Include="ID3F_SIGN.h">
      <Filter>Headerdateien</Filter>
    </ClInclude>
    <ClInclude Include="ID3F_SYLT.h">
      <Filter>Headerdateien</Filter>
    </ClInclude>
    <ClInclude Include="ID3F_SYTC.h">
      <Filter>Headerdateien</Filter>
    </ClInclude>
    <ClInclude Include="ID3F_T000.h">
      <Filter>Headerdateien</Filter>
    </ClInclude>
    <ClInclude Include="ID3F_TXXX.h">
      <Filter>Headerdateien</Filter>
    </ClInclude>
    <ClInclude Include="ID3F_UFID.h">
      <Filter>Headerdateien</Filter>
    </ClInclude>
    <ClInclude Include="ID3F_USER.h">
      <Filter>Headerdateien</Filter>
    </ClInclude>
    <ClInclude Include="ID3F_USLT.h">
      <Filter>Headerdateien</Filter>
    </ClInclude>
    <ClInclude Include="ID3F_W000.h">
      <Filter>Headerdateien</Filter>
    </ClInclude>
    <ClInclude Include="ID3F_WXXX.h">
      <Filter>Headerdateien</Filter>
    </ClInclude>
    <ClInclude Include="ID3V1.h">
      <Filter>Headerdateien</Filter>
    </ClInclude>
    <ClInclude Include="ID3V1TagInfo.h">
      <Filter>Headerdateien</Filter>
    </ClInclude>
    <ClInclude Include="ID3v2.h">
      <Filter>Headerdateien</Filter>
    </ClInclude>
    <ClInclude Include="Lyrics.h">
      <Filter>Headerdateien</Filter>
    </ClInclude>
    <ClInclude Include="md5.h">
      <Filter>Headerdateien</Filter>
    </ClInclude>
    <ClInclude Include="MD5Tool.h">
      <Filter>Headerdateien</Filter>
    </ClInclude>
    <ClInclude Include="Monkey.h">
      <Filter>Headerdateien</Filter>
    </ClInclude>
    <ClInclude Include="MonkeyTagInfo.h">
      <Filter>Headerdateien</Filter>
    </ClInclude>
    <ClInclude Include="mp4.h">
      <Filter>Headerdateien</Filter>
    </ClInclude>
    <ClInclude Include="MP4_AtomFactory.h">
      <Filter>Headerdateien</Filter>
    </ClInclude>
    <ClInclude Include="MP4_Container.h">
      <Filter>Headerdateien</Filter>
    </ClInclude>
    <ClInclude Include="MP4_FTYP.h">
      <Filter>Headerdateien</Filter>
    </ClInclude>
    <ClInclude Include="MP4_HDLR.h">
      <Filter>Headerdateien</Filter>
    </ClInclude>
    <ClInclude Include="MP4_MainContainer.h">
      <Filter>Headerdateien</Filter>
    </ClInclude>
    <ClInclude Include="MP4_MDAT.h">
      <Filter>Headerdateien</Filter>
    </ClInclude>
    <ClInclude Include="MP4_MDHD.h">
      <Filter>Headerdateien</Filter>
    </ClInclude>
    <ClInclude Include="MP4_SOUN.h">
      <Filter>Headerdateien</Filter>
    </ClInclude>
    <ClInclude Include="MP4_STCO.h">
      <Filter>Headerdateien</Filter>
    </ClInclude>
    <ClInclude Include="MP4Atom.h">
      <Filter>Headerdateien</Filter>
    </ClInclude>
    <ClInclude Include="MPEGAudio.h">
      <Filter>Headerdateien</Filter>
    </ClInclude>
    <ClInclude Include="MPEGPlus.h">
      <Filter>Headerdateien</Filter>
    </ClInclude>
    <ClInclude Include="OGGHeader.h">
      <Filter>Headerdateien</Filter>
    </ClInclude>
    <ClInclude Include="OggVorbis.h">
      <Filter>Headerdateien</Filter>
    </ClInclude>
    <ClInclude Include="Resource.h">
      <Filter>Headerdateien</Filter>
    </ClInclude>
    <ClInclude Include="stdafx.h">
      <Filter>Headerdateien</Filter>
    </ClInclude>
    <ClInclude Include="targetver.h">
      <Filter>Headerdateien</Filter>
    </ClInclude>
    <ClInclude Include="Tools.h">
      <Filter>Headerdateien</Filter>
    </ClInclude>
    <ClInclude Include="VorbisComment.h">
      <Filter>Headerdateien</Filter>
    </ClInclude>
    <ClInclude Include="VorbisHeader.h">
      <Filter>Headerdateien</Filter>
    </ClInclude>
    <ClInclude Include="WAVCARTChunk.h">
      <Filter>Headerdateien</Filter>
    </ClInclude>
    <ClInclude Include="WAVChunk.h">
      <Filter>Headerdateien</Filter>
    </ClInclude>
    <ClInclude Include="WAVContainer.h">
      <Filter>Headerdateien</Filter>
    </ClInclude>
    <ClInclude Include="WAVDataChunk.h">
      <Filter>Headerdateien</Filter>
    </ClInclude>
    <ClInclude Include="WAVFile.h">
      <Filter>Headerdateien</Filter>
    </ClInclude>
    <ClInclude Include="WAVFormatChunk.h">
      <Filter>Headerdateien</Filter>
    </ClInclude>
    <ClInclude Include="WAVRIFFContainer.h">
      <Filter>Headerdateien</Filter>
    </ClInclude>
    <ClInclude Include="WMA_ContentDescription.h">
      <Filter>Headerdateien</Filter>
    </ClInclude>
    <ClInclude Include="WMA_ExtContentDescription.h">
      <Filter>Headerdateien</Filter>
    </ClInclude>
    <ClInclude Include="WMA_File.h">
      <Filter>Headerdateien</Filter>
    </ClInclude>
    <ClInclude Include="WMA_FileProperties.h">
      <Filter>Headerdateien</Filter>
    </ClInclude>
    <ClInclude Include="WMA_Header.h">
      <Filter>Headerdateien</Filter>
    </ClInclude>
    <ClInclude Include="WMA_Header_Extension.h">
      <Filter>Headerdateien</Filter>
    </ClInclude>
    <ClInclude Include="WMA_MetadataLibrary.h">
      <Filter>Headerdateien</Filter>
    </ClInclude>
    <ClInclude Include="WMA_Object.h">
      <Filter>Headerdateien</Filter>
    </ClInclude>
    <ClInclude Include="WMA_ObjectFactory.h">
      <Filter>Headerdateien</Filter>
    </ClInclude>
    <ClInclude Include="WMA_Padding.h">
      <Filter>Headerdateien</Filter>
    </ClInclude>
    <ClInclude Include="WMA_StreamBitrateProperties.h">
      <Filter>Headerdateien</Filter>
    </ClInclude>
    <ClInclude Include="WMA_StreamProperties.h">
      <Filter>Headerdateien</Filter>
    </ClInclude>
    <ClInclude Include="WMA_TagData.h">
      <Filter>Headerdateien</Filter>
    </ClInclude>
    <ClInclude Include="AudioGenie4_i.h">
      <Filter>Generierte Dateien</Filter>
    </ClInclude>
    <ClInclude Include="TTA.h">
      <Filter>Headerdateien</Filter>
    </ClInclude>
    <ClInclude Include="WavPack.h">
      <Filter>Headerdateien</Filter>
    </ClInclude>
    <ClInclude Include="FlacCover.h">
      <Filter>Headerdateien</Filter>
    </ClInclude>
    <ClInclude Include="WAVDISPChunk.h">
      <Filter>Headerdateien</Filter>
    </ClInclude>
    <ClInclude Include="WAVBEXTChunk.h">
      <Filter>Headerdateien</Filter>
    </ClInclude>
  </ItemGroup>
  <ItemGroup>
    <ResourceCompile Include="AudioGenie4.rc">
      <Filter>Ressourcendateien</Filter>
    </ResourceCompile>
  </ItemGroup>
</Project>